{
  "name": "BP",
  "lockfileVersion": 3,
  "requires": true,
  "packages": {
    "": {
      "dependencies": {
        "@minecraft/server": "^2.8.0-beta.1.26.20-stable",
        "@minecraft/server-gametest": "^1.0.0-beta.1.21.0-stable",
        "@minecraft/server-ui": "^2.1.0-beta.1.26.20-stable"
      }
    },
    "node_modules/@minecraft/common": {
      "version": "1.2.0",
      "resolved": "https://registry.npmjs.org/@minecraft/common/-/common-1.2.0.tgz",
      "integrity": "sha512-JdmEq4P3Z/FtoBzhLijFgMSVFnFRrUoLwY8DHHrgtFo0mfLTOLTB1RErYjLMsA6b7BGVNxkX/pfFRiH7QZ0XwQ==",
      "license": "MIT"
    },
    "node_modules/@minecraft/server": {
      "version": "2.8.0-beta.1.26.20-stable",
      "resolved": "https://registry.npmjs.org/@minecraft/server/-/server-2.8.0-beta.1.26.20-stable.tgz",
      "integrity": "sha512-oxrzclVYyf3WDotWBQ5YauQ47CksnOhDdlm/jX1LPvWvNo6atMYCls6kWLE5CsQrMBwEfwb5pazFxXeUh/4ZMw==",
      "license": "MIT",
      "peerDependencies": {
        "@minecraft/common": "^1.2.0",
        "@minecraft/vanilla-data": ">=1.20.70"
      }
    },
    "node_modules/@minecraft/server-gametest": {
      "version": "1.0.0-beta.1.21.0-stable",
      "resolved": "https://registry.npmjs.org/@minecraft/server-gametest/-/server-gametest-1.0.0-beta.1.21.0-stable.tgz",
      "integrity": "sha512-ZwLfFSi28EznvnOar7dbq1ZeBiWmTELLOuBL/x2PZ7y0tYLPDXrMoJLvqk5n/aa/yCDJiJOZMjPcJ7MeKHXobw==",
      "dependencies": {
        "@minecraft/common": "^1.0.0",
        "@minecraft/server": "^1.8.0"
      }
    },
    "node_modules/@minecraft/server-gametest/node_modules/@minecraft/server": {
      "version": "1.15.0",
      "resolved": "https://registry.npmjs.org/@minecraft/server/-/server-1.15.0.tgz",
      "integrity": "sha512-KpXtxwuwr0hSBbTYOaMR6hSLG+UBWvifhkmnu2Tx32567hBp2N4DxVmoIXT0swQ8RFvv1o6PyGHXqm3Qfw1wOg==",
      "license": "MIT",
      "dependencies": {
        "@minecraft/common": "^1.1.0"
      }
    },
    "node_modules/@minecraft/server-ui": {
      "version": "2.1.0-beta.1.26.20-stable",
      "resolved": "https://registry.npmjs.org/@minecraft/server-ui/-/server-ui-2.1.0-beta.1.26.20-stable.tgz",
      "integrity": "sha512-7m7glKSEl39dDEtYi1sxaDqh9iMECs1NHn1g6RTJp1qbo1uNtV1a8xJdlJRajqDhQgvWMMV8Hv4f4d334pa5Lw==",
      "license": "MIT",
      "peerDependencies": {
        "@minecraft/common": "^1.0.0",
        "@minecraft/server": "^2.0.0 || ^2.8.0-beta.1.26.20-stable"
      }
    },
    "node_modules/@minecraft/vanilla-data": {
      "version": "1.21.61",
      "resolved": "https://registry.npmjs.org/@minecraft/vanilla-data/-/vanilla-data-1.21.61.tgz",
      "integrity": "sha512-72IHRtXQw1yS7aH8x2K2LvRaOR2ZQ/lMEA05uARHmxaES5a5GiLx+aAkp5O9ihfh1S5YmjaD47XFRBnYuu68IQ==",
      "license": "MIT",
      "peer": true
    }
  }
}
